
Microsoft Visual Studio Solution File, Format Version 12.00
# Visual Studio Version 17
VisualStudioVersion = 17.14.36212.18 d17.14
MinimumVisualStudioVersion = 10.0.40219.1
Project("{FAE04EC0-301F-11D3-BF4B-00C04F79EFBC}") = "WebServer_CSVHandling", "WebServer_CSVHandling\WebServer_CSVHandling.csproj", "{541034EA-32BA-4F12-B36E-44B3284C46BB}"
EndProject
Global
	GlobalSection(SolutionConfigurationPlatforms) = preSolution
		Debug|Any CPU = Debug|Any CPU
		Release|Any CPU = Release|Any CPU
	EndGlobalSection
	GlobalSection(ProjectConfigurationPlatforms) = postSolution
		{541034EA-32BA-4F12-B36E-44B3284C46BB}.Debug|Any CPU.ActiveCfg = Debug|Any CPU
		{541034EA-32BA-4F12-B36E-44B3284C46BB}.Debug|Any CPU.Build.0 = Debug|Any CPU
		{541034EA-32BA-4F12-B36E-44B3284C46BB}.Release|Any CPU.ActiveCfg = Release|Any CPU
		{541034EA-32BA-4F12-B36E-44B3284C46BB}.Release|Any CPU.Build.0 = Release|Any CPU
	EndGlobalSection
	GlobalSection(SolutionProperties) = preSolution
		HideSolutionNode = FALSE
	EndGlobalSection
	GlobalSection(ExtensibilityGlobals) = postSolution
		SolutionGuid = {8918ADD5-3497-493B-8390-9ED596A0BE89}
	EndGlobalSection
EndGlobal
